
Microsoft Visual Studio Solution File, Format Version 12.00
# Visual Studio 14
VisualStudioVersion = 14.0.24720.0
MinimumVisualStudioVersion = 10.0.40219.1
Project("{FAE04EC0-301F-11D3-BF4B-00C04F79EFBC}") = "Leap1", "Leap1\Leap1.csproj", "{01A1CACA-6D29-4DCD-AAB7-5441EA68A8A4}"
EndProject
Project("{FAE04EC0-301F-11D3-BF4B-00C04F79EFBC}") = "Leap2", "Leap2\Leap2.csproj", "{A313F748-5C4D-43AD-9707-215F3FFC3E2C}"
EndProject
Global
	GlobalSection(SolutionConfigurationPlatforms) = preSolution
		Debug|Any CPU = Debug|Any CPU
		Release|Any CPU = Release|Any CPU
	EndGlobalSection
	GlobalSection(ProjectConfigurationPlatforms) = postSolution
		{01A1CACA-6D29-4DCD-AAB7-5441EA68A8A4}.Debug|Any CPU.ActiveCfg = Debug|Any CPU
		{01A1CACA-6D29-4DCD-AAB7-5441EA68A8A4}.Debug|Any CPU.Build.0 = Debug|Any CPU
		{01A1CACA-6D29-4DCD-AAB7-5441EA68A8A4}.Release|Any CPU.ActiveCfg = Release|Any CPU
		{01A1CACA-6D29-4DCD-AAB7-5441EA68A8A4}.Release|Any CPU.Build.0 = Release|Any CPU
		{A313F748-5C4D-43AD-9707-215F3FFC3E2C}.Debug|Any CPU.ActiveCfg = Debug|Any CPU
		{A313F748-5C4D-43AD-9707-215F3FFC3E2C}.Debug|Any CPU.Build.0 = Debug|Any CPU
		{A313F748-5C4D-43AD-9707-215F3FFC3E2C}.Release|Any CPU.ActiveCfg = Release|Any CPU
		{A313F748-5C4D-43AD-9707-215F3FFC3E2C}.Release|Any CPU.Build.0 = Release|Any CPU
	EndGlobalSection
	GlobalSection(SolutionProperties) = preSolution
		HideSolutionNode = FALSE
	EndGlobalSection
EndGlobal
